Microsoft Visual Studio Solution File, Format Version 12.00
# Visual Studio Version 17
VisualStudioVersion = 17.5.2.0
MinimumVisualStudioVersion = 10.0.40219.1
Project("{FAE04EC0-301F-11D3-BF4B-00C04F79EFBC}") = "PruebaTecnica.DGII", "backend\PruebaTecnica.DGII.csproj", "{934073D8-107F-C878-F77F-832F5D96D3D4}"
EndProject
Global
	GlobalSection(SolutionConfigurationPlatforms) = preSolution
		Debug|Any CPU = Debug|Any CPU
		Release|Any CPU = Release|Any CPU
	EndGlobalSection
	GlobalSection(ProjectConfigurationPlatforms) = postSolution
		{934073D8-107F-C878-F77F-832F5D96D3D4}.Debug|Any CPU.ActiveCfg = Debug|Any CPU
		{934073D8-107F-C878-F77F-832F5D96D3D4}.Debug|Any CPU.Build.0 = Debug|Any CPU
		{934073D8-107F-C878-F77F-832F5D96D3D4}.Release|Any CPU.ActiveCfg = Release|Any CPU
		{934073D8-107F-C878-F77F-832F5D96D3D4}.Release|Any CPU.Build.0 = Release|Any CPU
	EndGlobalSection
	GlobalSection(SolutionProperties) = preSolution
		HideSolutionNode = FALSE
	EndGlobalSection
	GlobalSection(ExtensibilityGlobals) = postSolution
		SolutionGuid = {EDD93565-2ED5-4499-A78F-A2561FBD85AA}
	EndGlobalSection
EndGlobal
